
Microsoft Visual Studio Solution File, Format Version 12.00
# Visual Studio 14
VisualStudioVersion = 14.0.25420.1
MinimumVisualStudioVersion = 10.0.40219.1
Project("{FAE04EC0-301F-11D3-BF4B-00C04F79EFBC}") = "Task_5_form", "Task_5_form\Task_5_form.csproj", "{410F6867-52B8-4D20-9E84-1F932688BD1E}"
EndProject
Global
	GlobalSection(SolutionConfigurationPlatforms) = preSolution
		Debug|Any CPU = Debug|Any CPU
		Release|Any CPU = Release|Any CPU
	EndGlobalSection
	GlobalSection(ProjectConfigurationPlatforms) = postSolution
		{410F6867-52B8-4D20-9E84-1F932688BD1E}.Debug|Any CPU.ActiveCfg = Debug|Any CPU
		{410F6867-52B8-4D20-9E84-1F932688BD1E}.Debug|Any CPU.Build.0 = Debug|Any CPU
		{410F6867-52B8-4D20-9E84-1F932688BD1E}.Release|Any CPU.ActiveCfg = Release|Any CPU
		{410F6867-52B8-4D20-9E84-1F932688BD1E}.Release|Any CPU.Build.0 = Release|Any CPU
	EndGlobalSection
	GlobalSection(SolutionProperties) = preSolution
		HideSolutionNode = FALSE
	EndGlobalSection
EndGlobal
